// !$*UTF8*$!
{
	archiveVersion = 1;
	classes = {
	};
	objectVersion = 77;
	objects = {

/* Begin PBXBuildFile section */
		2F55E26B2F667F99001E5A32 /* BolaBola Watch App.app in Embed Watch Content */ = {isa = PBXBuildFile; fileRef = 2F55E2532F667F99001E5A32 /* BolaBola Watch App.app */; settings = {ATTRIBUTES = (CodeSignOnCopy, RemoveHeadersOnCopy, ); }; };
		A05C53932F7D18FE0042AB26 /* WidgetKit.framework in Frameworks */ = {isa = PBXBuildFile; fileRef = A05C53922F7D18FE0042AB26 /* WidgetKit.framework */; };
		A05C53952F7D18FE0042AB26 /* SwiftUI.framework in Frameworks */ = {isa = PBXBuildFile; fileRef = A05C53942F7D18FE0042AB26 /* SwiftUI.framework */; };
		A05C53A22F7D19000042AB26 /* BolaBola Watch WidgetExtension.appex in Embed Foundation Extensions */ = {isa = PBXBuildFile; fileRef = A05C53902F7D18FE0042AB26 /* BolaBola Watch WidgetExtension.appex */; settings = {ATTRIBUTES = (RemoveHeadersOnCopy, ); }; };
		F1A1E0A22F667F99001E5A33 /* GoogleService-Info.plist in Resources */ = {isa = PBXBuildFile; fileRef = F1A1E0A12F667F99001E5A33 /* GoogleService-Info.plist */; };
		F1A1E0A32F667F99001E5A33 /* GoogleService-Info.plist in Resources */ = {isa = PBXBuildFile; fileRef = F1A1E0A12F667F99001E5A33 /* GoogleService-Info.plist */; };
		F1B1E0102F667F99001E5A41 /* FirebaseAnalyticsCore in Frameworks */ = {isa = PBXBuildFile; productRef = F1B1E0112F667F99001E5A41 /* FirebaseAnalyticsCore */; };
		F1C1E0212F8A01000042AB26 /* WeatherKit.framework in Frameworks */ = {isa = PBXBuildFile; fileRef = F1C1E0202F8A01000042AB26 /* WeatherKit.framework */; };
/* End PBXBuildFile section */

/* Begin PBXContainerItemProxy section */
		2F55E2732F667F99001E5A32 /* PBXContainerItemProxy */ = {
			isa = PBXContainerItemProxy;
			containerPortal = 2F55E2472F667F99001E5A32 /* Project object */;
			proxyType = 1;
			remoteGlobalIDString = 2F55E2522F667F99001E5A32;
			remoteInfo = "BolaBola Watch App";
		};
		A05C53A02F7D19000042AB26 /* PBXContainerItemProxy */ = {
			isa = PBXContainerItemProxy;
			containerPortal = 2F55E2472F667F99001E5A32 /* Project object */;
			proxyType = 1;
			remoteGlobalIDString = A05C538F2F7D18FE0042AB26;
			remoteInfo = "BolaBola Watch WidgetExtension";
		};
/* End PBXContainerItemProxy section */

/* Begin PBXCopyFilesBuildPhase section */
		2F55E26D2F667F99001E5A32 /* Embed Watch Content */ = {
			isa = PBXCopyFilesBuildPhase;
			buildActionMask = 2147483647;
			dstPath = "";
			dstSubfolderSpec = 16;
			files = (
				2F55E26B2F667F99001E5A32 /* BolaBola Watch App.app in Embed Watch Content */,
			);
			name = "Embed Watch Content";
			runOnlyForDeploymentPostprocessing = 0;
		};
		A05C53A32F7D19000042AB26 /* Embed Foundation Extensions */ = {
			isa = PBXCopyFilesBuildPhase;
			buildActionMask = 2147483647;
			dstPath = "";
			dstSubfolderSpec = 13;
			files = (
				A05C53A22F7D19000042AB26 /* BolaBola Watch WidgetExtension.appex in Embed Foundation Extensions */,
			);
			name = "Embed Foundation Extensions";
			runOnlyForDeploymentPostprocessing = 0;
		};
/* End PBXCopyFilesBuildPhase section */

/* Begin PBXFileReference section */
		2F55E2532F667F99001E5A32 /* BolaBola Watch App.app */ = {isa = PBXFileReference; explicitFileType = wrapper.application; includeInIndex = 0; path = "BolaBola Watch App.app"; sourceTree = BUILT_PRODUCTS_DIR; };
		2F55E26A2F667F99001E5A32 /* BolaBola.app */ = {isa = PBXFileReference; explicitFileType = wrapper.application; includeInIndex = 0; path = BolaBola.app; sourceTree = BUILT_PRODUCTS_DIR; };
		A05C53902F7D18FE0042AB26 /* BolaBola Watch WidgetExtension.appex */ = {isa = PBXFileReference; explicitFileType = "wrapper.app-extension"; includeInIndex = 0; path = "BolaBola Watch WidgetExtension.appex"; sourceTree = BUILT_PRODUCTS_DIR; };
		A05C53922F7D18FE0042AB26 /* WidgetKit.framework */ = {isa = PBXFileReference; lastKnownFileType = wrapper.framework; name = WidgetKit.framework; path = System/Library/Frameworks/WidgetKit.framework; sourceTree = SDKROOT; };
		A05C53942F7D18FE0042AB26 /* SwiftUI.framework */ = {isa = PBXFileReference; lastKnownFileType = wrapper.framework; name = SwiftUI.framework; path = System/Library/Frameworks/SwiftUI.framework; sourceTree = SDKROOT; };
		A05C53B02F7D19E30042AB26 /* BolaBola Watch WidgetExtension.entitlements */ = {isa = PBXFileReference; lastKnownFileType = text.plist.entitlements; path = "BolaBola Watch WidgetExtension.entitlements"; sourceTree = "<group>"; };
		F1A1E0A12F667F99001E5A33 /* GoogleService-Info.plist */ = {isa = PBXFileReference; lastKnownFileType = text.plist.xml; path = "GoogleService-Info.plist"; sourceTree = "<group>"; };
		F1C1E0202F8A01000042AB26 /* WeatherKit.framework */ = {isa = PBXFileReference; lastKnownFileType = wrapper.framework; name = WeatherKit.framework; path = System/Library/Frameworks/WeatherKit.framework; sourceTree = SDKROOT; };
		F1D1E0302F8A02000042AB26 /* BolaBola.entitlements */ = {isa = PBXFileReference; lastKnownFileType = text.plist.entitlements; path = BolaBola.entitlements; sourceTree = "<group>"; };
/* End PBXFileReference section */

/* Begin PBXFileSystemSynchronizedBuildFileExceptionSet section */
		A05C53A62F7D19000042AB26 /* Exceptions for "BolaBola Watch Widget" folder in "BolaBola Watch WidgetExtension" target */ = {
			isa = PBXFileSystemSynchronizedBuildFileExceptionSet;
			membershipExceptions = (
				Info.plist,
			);
			target = A05C538F2F7D18FE0042AB26 /* BolaBola Watch WidgetExtension */;
		};
/* End PBXFileSystemSynchronizedBuildFileExceptionSet section */

/* Begin PBXFileSystemSynchronizedRootGroup section */
		2F55E2572F667F99001E5A32 /* BolaBola Watch App */ = {
			isa = PBXFileSystemSynchronizedRootGroup;
			path = "BolaBola Watch App";
			sourceTree = "<group>";
		};
		2F55E2682F667F99001E5A32 /* Shared */ = {
			isa = PBXFileSystemSynchronizedRootGroup;
			path = Shared;
			sourceTree = "<group>";
		};
		2F55E2692F667F99001E5A32 /* BolaBola iOS */ = {
			isa = PBXFileSystemSynchronizedRootGroup;
			path = "BolaBola iOS";
			sourceTree = "<group>";
		};
		A05C53962F7D18FE0042AB26 /* BolaBola Watch Widget */ = {
			isa = PBXFileSystemSynchronizedRootGroup;
			exceptions = (
				A05C53A62F7D19000042AB26 /* Exceptions for "BolaBola Watch Widget" folder in "BolaBola Watch WidgetExtension" target */,
			);
			path = "BolaBola Watch Widget";
			sourceTree = "<group>";
		};
/* End PBXFileSystemSynchronizedRootGroup section */

/* Begin PBXFrameworksBuildPhase section */
		2F55E2502F667F99001E5A32 /* Frameworks */ = {
			isa = PBXFrameworksBuildPhase;
			buildActionMask = 2147483647;
			files = (
			);
			runOnlyForDeploymentPostprocessing = 0;
		};
		2F55E26C2F667F99001E5A32 /* Frameworks */ = {
			isa = PBXFrameworksBuildPhase;
			buildActionMask = 2147483647;
			files = (
				F1C1E0212F8A01000042AB26 /* WeatherKit.framework in Frameworks */,
				F1B1E0102F667F99001E5A41 /* FirebaseAnalyticsCore in Frameworks */,
			);
			runOnlyForDeploymentPostprocessing = 0;
		};
		A05C538D2F7D18FE0042AB26 /* Frameworks */ = {
			isa = PBXFrameworksBuildPhase;
			buildActionMask = 2147483647;
			files = (
				A05C53952F7D18FE0042AB26 /* SwiftUI.framework in Frameworks */,
				A05C53932F7D18FE0042AB26 /* WidgetKit.framework in Frameworks */,
			);
			runOnlyForDeploymentPostprocessing = 0;
		};
/* End PBXFrameworksBuildPhase section */

/* Begin PBXGroup section */
		2F55E2462F667F99001E5A32 = {
			isa = PBXGroup;
			children = (
				F1D1E0312F8A02000042AB26 /* Entitlements */,
				A05C53B02F7D19E30042AB26 /* BolaBola Watch WidgetExtension.entitlements */,
				F1A1E0A12F667F99001E5A33 /* GoogleService-Info.plist */,
				2F55E2572F667F99001E5A32 /* BolaBola Watch App */,
				2F55E2682F667F99001E5A32 /* Shared */,
				2F55E2692F667F99001E5A32 /* BolaBola iOS */,
				A05C53962F7D18FE0042AB26 /* BolaBola Watch Widget */,
				A05C53912F7D18FE0042AB26 /* Frameworks */,
				2F55E24E2F667F99001E5A32 /* Products */,
				A05C57362F7D1C740042AB26 /* Recovered References */,
			);
			sourceTree = "<group>";
		};
		2F55E24E2F667F99001E5A32 /* Products */ = {
			isa = PBXGroup;
			children = (
				2F55E26A2F667F99001E5A32 /* BolaBola.app */,
				2F55E2532F667F99001E5A32 /* BolaBola Watch App.app */,
				A05C53902F7D18FE0042AB26 /* BolaBola Watch WidgetExtension.appex */,
			);
			name = Products;
			sourceTree = "<group>";
		};
		A05C53912F7D18FE0042AB26 /* Frameworks */ = {
			isa = PBXGroup;
			children = (
				F1C1E0202F8A01000042AB26 /* WeatherKit.framework */,
				A05C53922F7D18FE0042AB26 /* WidgetKit.framework */,
				A05C53942F7D18FE0042AB26 /* SwiftUI.framework */,
			);
			name = Frameworks;
			sourceTree = "<group>";
		};
		A05C57362F7D1C740042AB26 /* Recovered References */ = {
			isa = PBXGroup;
			children = (
			);
			name = "Recovered References";
			sourceTree = "<group>";
		};
		F1D1E0312F8A02000042AB26 /* Entitlements */ = {
			isa = PBXGroup;
			children = (
				F1D1E0302F8A02000042AB26 /* BolaBola.entitlements */,
			);
			path = Entitlements;
			sourceTree = "<group>";
		};
/* End PBXGroup section */

/* Begin PBXNativeTarget section */
		2F55E2522F667F99001E5A32 /* BolaBola Watch App */ = {
			isa = PBXNativeTarget;
			buildConfigurationList = 2F55E2602F667F9B001E5A32 /* Build configuration list for PBXNativeTarget "BolaBola Watch App" */;
			buildPhases = (
				2F55E24F2F667F99001E5A32 /* Sources */,
				2F55E2502F667F99001E5A32 /* Frameworks */,
				2F55E2512F667F99001E5A32 /* Resources */,
				A05C53A32F7D19000042AB26 /* Embed Foundation Extensions */,
			);
			buildRules = (
			);
			dependencies = (
				A05C53A12F7D19000042AB26 /* PBXTargetDependency */,
			);
			fileSystemSynchronizedGroups = (
				2F55E2572F667F99001E5A32 /* BolaBola Watch App */,
				2F55E2682F667F99001E5A32 /* Shared */,
			);
			name = "BolaBola Watch App";
			packageProductDependencies = (
			);
			productName = "BolaBola Watch App";
			productReference = 2F55E2532F667F99001E5A32 /* BolaBola Watch App.app */;
			productType = "com.apple.product-type.application";
		};
		2F55E26E2F667F99001E5A32 /* BolaBola */ = {
			isa = PBXNativeTarget;
			buildConfigurationList = 2F55E26F2F667F99001E5A32 /* Build configuration list for PBXNativeTarget "BolaBola" */;
			buildPhases = (
				2F55E2702F667F99001E5A32 /* Sources */,
				2F55E26C2F667F99001E5A32 /* Frameworks */,
				2F55E2712F667F99001E5A32 /* Resources */,
				2F55E26D2F667F99001E5A32 /* Embed Watch Content */,
			);
			buildRules = (
			);
			dependencies = (
				2F55E2722F667F99001E5A32 /* PBXTargetDependency */,
			);
			fileSystemSynchronizedGroups = (
				2F55E2682F667F99001E5A32 /* Shared */,
				2F55E2692F667F99001E5A32 /* BolaBola iOS */,
			);
			name = BolaBola;
			packageProductDependencies = (
				F1B1E0112F667F99001E5A41 /* FirebaseAnalyticsCore */,
			);
			productName = BolaBola;
			productReference = 2F55E26A2F667F99001E5A32 /* BolaBola.app */;
			productType = "com.apple.product-type.application";
		};
		A05C538F2F7D18FE0042AB26 /* BolaBola Watch WidgetExtension */ = {
			isa = PBXNativeTarget;
			buildConfigurationList = A05C53A72F7D19000042AB26 /* Build configuration list for PBXNativeTarget "BolaBola Watch WidgetExtension" */;
			buildPhases = (
				A05C538C2F7D18FE0042AB26 /* Sources */,
				A05C538D2F7D18FE0042AB26 /* Frameworks */,
				A05C538E2F7D18FE0042AB26 /* Resources */,
			);
			buildRules = (
			);
			dependencies = (
			);
			fileSystemSynchronizedGroups = (
				A05C53962F7D18FE0042AB26 /* BolaBola Watch Widget */,
			);
			name = "BolaBola Watch WidgetExtension";
			packageProductDependencies = (
			);
			productName = "BolaBola Watch WidgetExtension";
			productReference = A05C53902F7D18FE0042AB26 /* BolaBola Watch WidgetExtension.appex */;
			productType = "com.apple.product-type.app-extension";
		};
/* End PBXNativeTarget section */

/* Begin PBXProject section */
		2F55E2472F667F99001E5A32 /* Project object */ = {
			isa = PBXProject;
			attributes = {
				BuildIndependentTargetsInParallel = 1;
				LastSwiftUpdateCheck = 2620;
				LastUpgradeCheck = 2630;
				TargetAttributes = {
					2F55E2522F667F99001E5A32 = {
						CreatedOnToolsVersion = 26.3;
					};
					2F55E26E2F667F99001E5A32 = {
						CreatedOnToolsVersion = 26.3;
					};
					A05C538F2F7D18FE0042AB26 = {
						CreatedOnToolsVersion = 26.2;
					};
				};
			};
			buildConfigurationList = 2F55E24A2F667F99001E5A32 /* Build configuration list for PBXProject "BolaBola" */;
			developmentRegion = en;
			hasScannedForEncodings = 0;
			knownRegions = (
				en,
				Base,
			);
			mainGroup = 2F55E2462F667F99001E5A32;
			minimizedProjectReferenceProxies = 1;
			packageReferences = (
				F1B1E0122F667F99001E5A41 /* XCRemoteSwiftPackageReference "firebase-ios-sdk" */,
			);
			preferredProjectObjectVersion = 77;
			productRefGroup = 2F55E24E2F667F99001E5A32 /* Products */;
			projectDirPath = "";
			projectRoot = "";
			targets = (
				2F55E26E2F667F99001E5A32 /* BolaBola */,
				2F55E2522F667F99001E5A32 /* BolaBola Watch App */,
				A05C538F2F7D18FE0042AB26 /* BolaBola Watch WidgetExtension */,
			);
		};
/* End PBXProject section */

/* Begin PBXResourcesBuildPhase section */
		2F55E2512F667F99001E5A32 /* Resources */ = {
			isa = PBXResourcesBuildPhase;
			buildActionMask = 2147483647;
			files = (
				F1A1E0A22F667F99001E5A33 /* GoogleService-Info.plist in Resources */,
			);
			runOnlyForDeploymentPostprocessing = 0;
		};
		2F55E2712F667F99001E5A32 /* Resources */ = {
			isa = PBXResourcesBuildPhase;
			buildActionMask = 2147483647;
			files = (
				F1A1E0A32F667F99001E5A33 /* GoogleService-Info.plist in Resources */,
			);
			runOnlyForDeploymentPostprocessing = 0;
		};
		A05C538E2F7D18FE0042AB26 /* Resources */ = {
			isa = PBXResourcesBuildPhase;
			buildActionMask = 2147483647;
			files = (
			);
			runOnlyForDeploymentPostprocessing = 0;
		};
/* End PBXResourcesBuildPhase section */

/* Begin PBXSourcesBuildPhase section */
		2F55E24F2F667F99001E5A32 /* Sources */ = {
			isa = PBXSourcesBuildPhase;
			buildActionMask = 2147483647;
			files = (
			);
			runOnlyForDeploymentPostprocessing = 0;
		};
		2F55E2702F667F99001E5A32 /* Sources */ = {
			isa = PBXSourcesBuildPhase;
			buildActionMask = 2147483647;
			files = (
			);
			runOnlyForDeploymentPostprocessing = 0;
		};
		A05C538C2F7D18FE0042AB26 /* Sources */ = {
			isa = PBXSourcesBuildPhase;
			buildActionMask = 2147483647;
			files = (
			);
			runOnlyForDeploymentPostprocessing = 0;
		};
/* End PBXSourcesBuildPhase section */

/* Begin PBXTargetDependency section */
		2F55E2722F667F99001E5A32 /* PBXTargetDependency */ = {
			isa = PBXTargetDependency;
			target = 2F55E2522F667F99001E5A32 /* BolaBola Watch App */;
			targetProxy = 2F55E2732F667F99001E5A32 /* PBXContainerItemProxy */;
		};
		A05C53A12F7D19000042AB26 /* PBXTargetDependency */ = {
			isa = PBXTargetDependency;
			target = A05C538F2F7D18FE0042AB26 /* BolaBola Watch WidgetExtension */;
			targetProxy = A05C53A02F7D19000042AB26 /* PBXContainerItemProxy */;
		};
/* End PBXTargetDependency section */

/* Begin XCBuildConfiguration section */
		2F55E25E2F667F9B001E5A32 /* Debug */ = {
			isa = XCBuildConfiguration;
			buildSettings = {
				ALWAYS_SEARCH_USER_PATHS = NO;
				ASSETCATALOG_COMPILER_GENERATE_SWIFT_ASSET_SYMBOL_EXTENSIONS = YES;
				CLANG_ANALYZER_NONNULL = YES;
				CLANG_ANALYZER_NUMBER_OBJECT_CONVERSION = YES_AGGRESSIVE;
				CLANG_CXX_LANGUAGE_STANDARD = "gnu++20";
				CLANG_ENABLE_MODULES = YES;
				CLANG_ENABLE_OBJC_ARC = YES;
				CLANG_ENABLE_OBJC_WEAK = YES;
				CLANG_WARN_BLOCK_CAPTURE_AUTORELEASING = YES;
				CLANG_WARN_BOOL_CONVERSION = YES;
				CLANG_WARN_COMMA = YES;
				CLANG_WARN_CONSTANT_CONVERSION = YES;
				CLANG_WARN_DEPRECATED_OBJC_IMPLEMENTATIONS = YES;
				CLANG_WARN_DIRECT_OBJC_ISA_USAGE = YES_ERROR;
				CLANG_WARN_DOCUMENTATION_COMMENTS = YES;
				CLANG_WARN_EMPTY_BODY = YES;
				CLANG_WARN_ENUM_CONVERSION = YES;
				CLANG_WARN_INFINITE_RECURSION = YES;
				CLANG_WARN_INT_CONVERSION = YES;
				CLANG_WARN_NON_LITERAL_NULL_CONVERSION = YES;
				CLANG_WARN_OBJC_IMPLICIT_RETAIN_SELF = YES;
				CLANG_WARN_OBJC_LITERAL_CONVERSION = YES;
				CLANG_WARN_OBJC_ROOT_CLASS = YES_ERROR;
				CLANG_WARN_QUOTED_INCLUDE_IN_FRAMEWORK_HEADER = YES;
				CLANG_WARN_RANGE_LOOP_ANALYSIS = YES;
				CLANG_WARN_STRICT_PROTOTYPES = YES;
				CLANG_WARN_SUSPICIOUS_MOVE = YES;
				CLANG_WARN_UNGUARDED_AVAILABILITY = YES_AGGRESSIVE;
				CLANG_WARN_UNREACHABLE_CODE = YES;
				CLANG_WARN__DUPLICATE_METHOD_MATCH = YES;
				COPY_PHASE_STRIP = NO;
				DEBUG_INFORMATION_FORMAT = dwarf;
				DEVELOPMENT_TEAM = MX4C45DA78;
				ENABLE_STRICT_OBJC_MSGSEND = YES;
				ENABLE_TESTABILITY = YES;
				ENABLE_USER_SCRIPT_SANDBOXING = YES;
				GCC_C_LANGUAGE_STANDARD = gnu17;
				GCC_DYNAMIC_NO_PIC = NO;
				GCC_NO_COMMON_BLOCKS = YES;
				GCC_OPTIMIZATION_LEVEL = 0;
				GCC_PREPROCESSOR_DEFINITIONS = (
					"DEBUG=1",
					"$(inherited)",
				);
				GCC_WARN_64_TO_32_BIT_CONVERSION = YES;
				GCC_WARN_ABOUT_RETURN_TYPE = YES_ERROR;
				GCC_WARN_UNDECLARED_SELECTOR = YES;
				GCC_WARN_UNINITIALIZED_AUTOS = YES_AGGRESSIVE;
				GCC_WARN_UNUSED_FUNCTION = YES;
				GCC_WARN_UNUSED_VARIABLE = YES;
				LOCALIZATION_PREFERS_STRING_CATALOGS = YES;
				MTL_ENABLE_DEBUG_INFO = INCLUDE_SOURCE;
				MTL_FAST_MATH = YES;
				ONLY_ACTIVE_ARCH = YES;
				SWIFT_ACTIVE_COMPILATION_CONDITIONS = "DEBUG $(inherited)";
				SWIFT_OPTIMIZATION_LEVEL = "-Onone";
				WATCHOS_DEPLOYMENT_TARGET = 11.6;
			};
			name = Debug;
		};
		2F55E25F2F667F9B001E5A32 /* Release */ = {
			isa = XCBuildConfiguration;
			buildSettings = {
				ALWAYS_SEARCH_USER_PATHS = NO;
				ASSETCATALOG_COMPILER_GENERATE_SWIFT_ASSET_SYMBOL_EXTENSIONS = YES;
				CLANG_ANALYZER_NONNULL = YES;
				CLANG_ANALYZER_NUMBER_OBJECT_CONVERSION = YES_AGGRESSIVE;
				CLANG_CXX_LANGUAGE_STANDARD = "gnu++20";
				CLANG_ENABLE_MODULES = YES;
				CLANG_ENABLE_OBJC_ARC = YES;
				CLANG_ENABLE_OBJC_WEAK = YES;
				CLANG_WARN_BLOCK_CAPTURE_AUTORELEASING = YES;
				CLANG_WARN_BOOL_CONVERSION = YES;
				CLANG_WARN_COMMA = YES;
				CLANG_WARN_CONSTANT_CONVERSION = YES;
				CLANG_WARN_DEPRECATED_OBJC_IMPLEMENTATIONS = YES;
				CLANG_WARN_DIRECT_OBJC_ISA_USAGE = YES_ERROR;
				CLANG_WARN_DOCUMENTATION_COMMENTS = YES;
				CLANG_WARN_EMPTY_BODY = YES;
				CLANG_WARN_ENUM_CONVERSION = YES;
				CLANG_WARN_INFINITE_RECURSION = YES;
				CLANG_WARN_INT_CONVERSION = YES;
				CLANG_WARN_NON_LITERAL_NULL_CONVERSION = YES;
				CLANG_WARN_OBJC_IMPLICIT_RETAIN_SELF = YES;
				CLANG_WARN_OBJC_LITERAL_CONVERSION = YES;
				CLANG_WARN_OBJC_ROOT_CLASS = YES_ERROR;
				CLANG_WARN_QUOTED_INCLUDE_IN_FRAMEWORK_HEADER = YES;
				CLANG_WARN_RANGE_LOOP_ANALYSIS = YES;
				CLANG_WARN_STRICT_PROTOTYPES = YES;
				CLANG_WARN_SUSPICIOUS_MOVE = YES;
				CLANG_WARN_UNGUARDED_AVAILABILITY = YES_AGGRESSIVE;
				CLANG_WARN_UNREACHABLE_CODE = YES;
				CLANG_WARN__DUPLICATE_METHOD_MATCH = YES;
				COPY_PHASE_STRIP = NO;
				DEBUG_INFORMATION_FORMAT = "dwarf-with-dsym";
				DEVELOPMENT_TEAM = MX4C45DA78;
				ENABLE_NS_ASSERTIONS = NO;
				ENABLE_STRICT_OBJC_MSGSEND = YES;
				ENABLE_USER_SCRIPT_SANDBOXING = YES;
				GCC_C_LANGUAGE_STANDARD = gnu17;
				GCC_NO_COMMON_BLOCKS = YES;
				GCC_WARN_64_TO_32_BIT_CONVERSION = YES;
				GCC_WARN_ABOUT_RETURN_TYPE = YES_ERROR;
				GCC_WARN_UNDECLARED_SELECTOR = YES;
				GCC_WARN_UNINITIALIZED_AUTOS = YES_AGGRESSIVE;
				GCC_WARN_UNUSED_FUNCTION = YES;
				GCC_WARN_UNUSED_VARIABLE = YES;
				LOCALIZATION_PREFERS_STRING_CATALOGS = YES;
				MTL_ENABLE_DEBUG_INFO = NO;
				MTL_FAST_MATH = YES;
				SWIFT_COMPILATION_MODE = wholemodule;
				WATCHOS_DEPLOYMENT_TARGET = 11.6;
			};
			name = Release;
		};
		2F55E2612F667F9B001E5A32 /* Debug */ = {
			isa = XCBuildConfiguration;
			buildSettings = {
				ASSETCATALOG_COMPILER_APPICON_NAME = AppIcon;
				ASSETCATALOG_COMPILER_GLOBAL_ACCENT_COLOR_NAME = AccentColor;
				CODE_SIGN_ENTITLEMENTS = "BolaBola Watch App/BolaBola Watch App.entitlements";
				CODE_SIGN_STYLE = Automatic;
				CURRENT_PROJECT_VERSION = 1;
				DEVELOPMENT_TEAM = MX4C45DA78;
				ENABLE_PREVIEWS = YES;
				GENERATE_INFOPLIST_FILE = YES;
				INFOPLIST_KEY_CFBundleDisplayName = BolaBola;
				INFOPLIST_KEY_NSHealthShareUsageDescription = "Bola 会读取心率、步数等健康数据，用于非医疗性的界面提示与提醒。";
				INFOPLIST_KEY_NSMicrophoneUsageDescription = "Bola 需要麦克风以识别你对它说的话。";
				INFOPLIST_KEY_NSSpeechRecognitionUsageDescription = "Bola 把你的语音转成文字，再生成回复。";
				INFOPLIST_KEY_NSUserNotificationsUsageDescription = "Bola 需要发送喝水、活动等本地提醒。";
				INFOPLIST_KEY_UISupportedInterfaceOrientations = "UIInterfaceOrientationPortrait UIInterfaceOrientationPortraitUpsideDown";
				INFOPLIST_KEY_WKCompanionAppBundleIdentifier = com.gathxr.BolaBola;
				LD_RUNPATH_SEARCH_PATHS = (
					"$(inherited)",
					"@executable_path/Frameworks",
				);
				MARKETING_VERSION = 1.0;
				PRODUCT_BUNDLE_IDENTIFIER = com.gathxr.BolaBola.watchkitapp;
				PRODUCT_NAME = "$(TARGET_NAME)";
				SDKROOT = watchos;
				SKIP_INSTALL = YES;
				STRING_CATALOG_GENERATE_SYMBOLS = YES;
				SWIFT_APPROACHABLE_CONCURRENCY = YES;
				SWIFT_DEFAULT_ACTOR_ISOLATION = MainActor;
				SWIFT_EMIT_LOC_STRINGS = YES;
				SWIFT_UPCOMING_FEATURE_MEMBER_IMPORT_VISIBILITY = YES;
				SWIFT_VERSION = 5.0;
				TARGETED_DEVICE_FAMILY = 4;
				WATCHOS_DEPLOYMENT_TARGET = 10.0;
			};
			name = Debug;
		};
		2F55E2622F667F9B001E5A32 /* Release */ = {
			isa = XCBuildConfiguration;
			buildSettings = {
				ASSETCATALOG_COMPILER_APPICON_NAME = AppIcon;
				ASSETCATALOG_COMPILER_GLOBAL_ACCENT_COLOR_NAME = AccentColor;
				CODE_SIGN_ENTITLEMENTS = "BolaBola Watch App/BolaBola Watch App.entitlements";
				CODE_SIGN_STYLE = Automatic;
				CURRENT_PROJECT_VERSION = 1;
				DEVELOPMENT_TEAM = MX4C45DA78;
				ENABLE_PREVIEWS = YES;
				GENERATE_INFOPLIST_FILE = YES;
				INFOPLIST_KEY_CFBundleDisplayName = BolaBola;
				INFOPLIST_KEY_NSHealthShareUsageDescription = "Bola 会读取心率、步数等健康数据，用于非医疗性的界面提示与提醒。";
				INFOPLIST_KEY_NSMicrophoneUsageDescription = "Bola 需要麦克风以识别你对它说的话。";
				INFOPLIST_KEY_NSSpeechRecognitionUsageDescription = "Bola 把你的语音转成文字，再生成回复。";
				INFOPLIST_KEY_NSUserNotificationsUsageDescription = "Bola 需要发送喝水、活动等本地提醒。";
				INFOPLIST_KEY_UISupportedInterfaceOrientations = "UIInterfaceOrientationPortrait UIInterfaceOrientationPortraitUpsideDown";
				INFOPLIST_KEY_WKCompanionAppBundleIdentifier = com.gathxr.BolaBola;
				LD_RUNPATH_SEARCH_PATHS = (
					"$(inherited)",
					"@executable_path/Frameworks",
				);
				MARKETING_VERSION = 1.0;
				PRODUCT_BUNDLE_IDENTIFIER = com.gathxr.BolaBola.watchkitapp;
				PRODUCT_NAME = "$(TARGET_NAME)";
				SDKROOT = watchos;
				SKIP_INSTALL = YES;
				STRING_CATALOG_GENERATE_SYMBOLS = YES;
				SWIFT_APPROACHABLE_CONCURRENCY = YES;
				SWIFT_DEFAULT_ACTOR_ISOLATION = MainActor;
				SWIFT_EMIT_LOC_STRINGS = YES;
				SWIFT_UPCOMING_FEATURE_MEMBER_IMPORT_VISIBILITY = YES;
				SWIFT_VERSION = 5.0;
				TARGETED_DEVICE_FAMILY = 4;
				VALIDATE_PRODUCT = YES;
				WATCHOS_DEPLOYMENT_TARGET = 10.0;
			};
			name = Release;
		};
		2F55E2742F667F99001E5A32 /* Debug */ = {
			isa = XCBuildConfiguration;
			buildSettings = {
				ASSETCATALOG_COMPILER_APPICON_NAME = AppIcon;
				ASSETCATALOG_COMPILER_GLOBAL_ACCENT_COLOR_NAME = AccentColor;
				CODE_SIGN_ENTITLEMENTS = Entitlements/BolaBola.entitlements;
				CODE_SIGN_STYLE = Automatic;
				CURRENT_PROJECT_VERSION = 1;
				DEVELOPMENT_TEAM = MX4C45DA78;
				ENABLE_PREVIEWS = YES;
				GENERATE_INFOPLIST_FILE = YES;
				INFOPLIST_KEY_CFBundleDisplayName = BolaBola;
				INFOPLIST_KEY_NSHealthShareUsageDescription = "Bola 读取步数、站立时间、心率、心率变异性（HRV）与睡眠等数据，用于状态页图表与生活页节奏条展示，非医疗诊断。";
				INFOPLIST_KEY_NSLocationWhenInUseUsageDescription = "Bola 使用你的大致位置以显示当地天气（生活页天气卡片）。";
				INFOPLIST_KEY_NSMicrophoneUsageDescription = "Bola 需要麦克风以转写从手表发来的语音。";
				INFOPLIST_KEY_NSSpeechRecognitionUsageDescription = "Bola 在 iPhone 上将语音转为文字，再与手表同步。";
				INFOPLIST_KEY_NSUserNotificationsUsageDescription = "Bola 在手机上为你管理提醒与陪伴值同步。";
				INFOPLIST_KEY_UIApplicationSceneManifest_Generation = YES;
				INFOPLIST_KEY_UILaunchScreen_Generation = YES;
				INFOPLIST_KEY_UISupportedInterfaceOrientations = UIInterfaceOrientationPortrait;
				IPHONEOS_DEPLOYMENT_TARGET = 18.6;
				LD_RUNPATH_SEARCH_PATHS = (
					"$(inherited)",
					"@executable_path/Frameworks",
				);
				MARKETING_VERSION = 1.0;
				OTHER_LDFLAGS = (
					"$(inherited)",
					"-ObjC",
				);
				PRODUCT_BUNDLE_IDENTIFIER = com.gathxr.BolaBola;
				PRODUCT_NAME = "$(TARGET_NAME)";
				SDKROOT = iphoneos;
				STRING_CATALOG_GENERATE_SYMBOLS = YES;
				SWIFT_APPROACHABLE_CONCURRENCY = YES;
				SWIFT_DEFAULT_ACTOR_ISOLATION = MainActor;
				SWIFT_EMIT_LOC_STRINGS = YES;
				SWIFT_UPCOMING_FEATURE_MEMBER_IMPORT_VISIBILITY = YES;
				SWIFT_VERSION = 5.0;
				TARGETED_DEVICE_FAMILY = 1;
			};
			name = Debug;
		};
		2F55E2752F667F99001E5A32 /* Release */ = {
			isa = XCBuildConfiguration;
			buildSettings = {
				ASSETCATALOG_COMPILER_APPICON_NAME = AppIcon;
				ASSETCATALOG_COMPILER_GLOBAL_ACCENT_COLOR_NAME = AccentColor;
				CODE_SIGN_ENTITLEMENTS = Entitlements/BolaBola.entitlements;
				CODE_SIGN_STYLE = Automatic;
				CURRENT_PROJECT_VERSION = 1;
				DEVELOPMENT_TEAM = MX4C45DA78;
				ENABLE_PREVIEWS = YES;
				GENERATE_INFOPLIST_FILE = YES;
				INFOPLIST_KEY_CFBundleDisplayName = BolaBola;
				INFOPLIST_KEY_NSHealthShareUsageDescription = "Bola 读取步数、站立时间、心率、心率变异性（HRV）与睡眠等数据，用于状态页图表与生活页节奏条展示，非医疗诊断。";
				INFOPLIST_KEY_NSLocationWhenInUseUsageDescription = "Bola 使用你的大致位置以显示当地天气（生活页天气卡片）。";
				INFOPLIST_KEY_NSMicrophoneUsageDescription = "Bola 需要麦克风以转写从手表发来的语音。";
				INFOPLIST_KEY_NSSpeechRecognitionUsageDescription = "Bola 在 iPhone 上将语音转为文字，再与手表同步。";
				INFOPLIST_KEY_NSUserNotificationsUsageDescription = "Bola 在手机上为你管理提醒与陪伴值同步。";
				INFOPLIST_KEY_UIApplicationSceneManifest_Generation = YES;
				INFOPLIST_KEY_UILaunchScreen_Generation = YES;
				INFOPLIST_KEY_UISupportedInterfaceOrientations = UIInterfaceOrientationPortrait;
				IPHONEOS_DEPLOYMENT_TARGET = 18.6;
				LD_RUNPATH_SEARCH_PATHS = (
					"$(inherited)",
					"@executable_path/Frameworks",
				);
				MARKETING_VERSION = 1.0;
				OTHER_LDFLAGS = (
					"$(inherited)",
					"-ObjC",
				);
				PRODUCT_BUNDLE_IDENTIFIER = com.gathxr.BolaBola;
				PRODUCT_NAME = "$(TARGET_NAME)";
				SDKROOT = iphoneos;
				STRING_CATALOG_GENERATE_SYMBOLS = YES;
				SWIFT_APPROACHABLE_CONCURRENCY = YES;
				SWIFT_DEFAULT_ACTOR_ISOLATION = MainActor;
				SWIFT_EMIT_LOC_STRINGS = YES;
				SWIFT_UPCOMING_FEATURE_MEMBER_IMPORT_VISIBILITY = YES;
				SWIFT_VERSION = 5.0;
				TARGETED_DEVICE_FAMILY = 1;
				VALIDATE_PRODUCT = YES;
			};
			name = Release;
		};
		A05C53A42F7D19000042AB26 /* Debug */ = {
			isa = XCBuildConfiguration;
			buildSettings = {
				ASSETCATALOG_COMPILER_GLOBAL_ACCENT_COLOR_NAME = AccentColor;
				ASSETCATALOG_COMPILER_WIDGET_BACKGROUND_COLOR_NAME = WidgetBackground;
				CODE_SIGN_ENTITLEMENTS = "BolaBola Watch WidgetExtension.entitlements";
				CODE_SIGN_STYLE = Automatic;
				CURRENT_PROJECT_VERSION = 1;
				DEVELOPMENT_TEAM = MX4C45DA78;
				GENERATE_INFOPLIST_FILE = NO;
				INFOPLIST_FILE = "BolaBola Watch Widget/Info.plist";
				INFOPLIST_KEY_CFBundleDisplayName = "BolaBola Watch Widget";
				INFOPLIST_KEY_NSHumanReadableCopyright = "";
				LD_RUNPATH_SEARCH_PATHS = (
					"$(inherited)",
					"@executable_path/Frameworks",
					"@executable_path/../../Frameworks",
					"@executable_path/../../../../Frameworks",
				);
				MARKETING_VERSION = 1.0;
				PRODUCT_BUNDLE_IDENTIFIER = com.gathxr.BolaBola.watchkitapp.WidgetExtension;
				PRODUCT_NAME = "$(TARGET_NAME)";
				SDKROOT = watchos;
				SKIP_INSTALL = YES;
				STRING_CATALOG_GENERATE_SYMBOLS = YES;
				SWIFT_APPROACHABLE_CONCURRENCY = YES;
				SWIFT_EMIT_LOC_STRINGS = YES;
				SWIFT_UPCOMING_FEATURE_MEMBER_IMPORT_VISIBILITY = YES;
				SWIFT_VERSION = 5.0;
				TARGETED_DEVICE_FAMILY = 4;
				WATCHOS_DEPLOYMENT_TARGET = 10.0;
			};
			name = Debug;
		};
		A05C53A52F7D19000042AB26 /* Release */ = {
			isa = XCBuildConfiguration;
			buildSettings = {
				ASSETCATALOG_COMPILER_GLOBAL_ACCENT_COLOR_NAME = AccentColor;
				ASSETCATALOG_COMPILER_WIDGET_BACKGROUND_COLOR_NAME = WidgetBackground;
				CODE_SIGN_ENTITLEMENTS = "BolaBola Watch WidgetExtension.entitlements";
				CODE_SIGN_STYLE = Automatic;
				CURRENT_PROJECT_VERSION = 1;
				DEVELOPMENT_TEAM = MX4C45DA78;
				GENERATE_INFOPLIST_FILE = NO;
				INFOPLIST_FILE = "BolaBola Watch Widget/Info.plist";
				INFOPLIST_KEY_CFBundleDisplayName = "BolaBola Watch Widget";
				INFOPLIST_KEY_NSHumanReadableCopyright = "";
				LD_RUNPATH_SEARCH_PATHS = (
					"$(inherited)",
					"@executable_path/Frameworks",
					"@executable_path/../../Frameworks",
					"@executable_path/../../../../Frameworks",
				);
				MARKETING_VERSION = 1.0;
				PRODUCT_BUNDLE_IDENTIFIER = com.gathxr.BolaBola.watchkitapp.WidgetExtension;
				PRODUCT_NAME = "$(TARGET_NAME)";
				SDKROOT = watchos;
				SKIP_INSTALL = YES;
				STRING_CATALOG_GENERATE_SYMBOLS = YES;
				SWIFT_APPROACHABLE_CONCURRENCY = YES;
				SWIFT_EMIT_LOC_STRINGS = YES;
				SWIFT_UPCOMING_FEATURE_MEMBER_IMPORT_VISIBILITY = YES;
				SWIFT_VERSION = 5.0;
				TARGETED_DEVICE_FAMILY = 4;
				VALIDATE_PRODUCT = YES;
				WATCHOS_DEPLOYMENT_TARGET = 10.0;
			};
			name = Release;
		};
/* End XCBuildConfiguration section */

/* Begin XCConfigurationList section */
		2F55E24A2F667F99001E5A32 /* Build configuration list for PBXProject "BolaBola" */ = {
			isa = XCConfigurationList;
			buildConfigurations = (
				2F55E25E2F667F9B001E5A32 /* Debug */,
				2F55E25F2F667F9B001E5A32 /* Release */,
			);
			defaultConfigurationIsVisible = 0;
			defaultConfigurationName = Release;
		};
		2F55E2602F667F9B001E5A32 /* Build configuration list for PBXNativeTarget "BolaBola Watch App" */ = {
			isa = XCConfigurationList;
			buildConfigurations = (
				2F55E2612F667F9B001E5A32 /* Debug */,
				2F55E2622F667F9B001E5A32 /* Release */,
			);
			defaultConfigurationIsVisible = 0;
			defaultConfigurationName = Release;
		};
		2F55E26F2F667F99001E5A32 /* Build configuration list for PBXNativeTarget "BolaBola" */ = {
			isa = XCConfigurationList;
			buildConfigurations = (
				2F55E2742F667F99001E5A32 /* Debug */,
				2F55E2752F667F99001E5A32 /* Release */,
			);
			defaultConfigurationIsVisible = 0;
			defaultConfigurationName = Release;
		};
		A05C53A72F7D19000042AB26 /* Build configuration list for PBXNativeTarget "BolaBola Watch WidgetExtension" */ = {
			isa = XCConfigurationList;
			buildConfigurations = (
				A05C53A42F7D19000042AB26 /* Debug */,
				A05C53A52F7D19000042AB26 /* Release */,
			);
			defaultConfigurationIsVisible = 0;
			defaultConfigurationName = Release;
		};
/* End XCConfigurationList section */

/* Begin XCRemoteSwiftPackageReference section */
		F1B1E0122F667F99001E5A41 /* XCRemoteSwiftPackageReference "firebase-ios-sdk" */ = {
			isa = XCRemoteSwiftPackageReference;
			repositoryURL = "https://github.com/firebase/firebase-ios-sdk";
			requirement = {
				kind = upToNextMajorVersion;
				minimumVersion = 12.0.0;
			};
		};
/* End XCRemoteSwiftPackageReference section */

/* Begin XCSwiftPackageProductDependency section */
		F1B1E0112F667F99001E5A41 /* FirebaseAnalyticsCore */ = {
			isa = XCSwiftPackageProductDependency;
			package = F1B1E0122F667F99001E5A41 /* XCRemoteSwiftPackageReference "firebase-ios-sdk" */;
			productName = FirebaseAnalyticsCore;
		};
/* End XCSwiftPackageProductDependency section */
	};
	rootObject = 2F55E2472F667F99001E5A32 /* Project object */;
}
